// !$*UTF8*$!
{
	archiveVersion = 1;
	classes = {
	};
	objectVersion = 50;
	objects = {

/* Begin PBXBuildFile section */
		183F49CF2535C44800580B86 /* AppDelegate.swift in Sources */ = {isa = PBXBuildFile; fileRef = 183F49CE2535C44800580B86 /* AppDelegate.swift */; };
		183F49D12535C44800580B86 /* SceneDelegate.swift in Sources */ = {isa = PBXBuildFile; fileRef = 183F49D02535C44800580B86 /* SceneDelegate.swift */; };
		183F49D32535C44800580B86 /* ViewController.swift in Sources */ = {isa = PBXBuildFile; fileRef = 183F49D22535C44800580B86 /* ViewController.swift */; };
		183F49D62535C44800580B86 /* Main.storyboard in Resources */ = {isa = PBXBuildFile; fileRef = 183F49D42535C44800580B86 /* Main.storyboard */; };
		183F49D82535C44B00580B86 /* Assets.xcassets in Resources */ = {isa = PBXBuildFile; fileRef = 183F49D72535C44B00580B86 /* Assets.xcassets */; };
		183F49DB2535C44B00580B86 /* LaunchScreen.storyboard in Resources */ = {isa = PBXBuildFile; fileRef = 183F49D92535C44B00580B86 /* LaunchScreen.storyboard */; };
		183F49E32535C6AD00580B86 /* HomeViewController.swift in Sources */ = {isa = PBXBuildFile; fileRef = 183F49E22535C6AD00580B86 /* HomeViewController.swift */; };
/* End PBXBuildFile section */

/* Begin PBXFileReference section */
		183F49CB2535C44800580B86 /* DemoOne.app */ = {isa = PBXFileReference; explicitFileType = wrapper.application; includeInIndex = 0; path = DemoOne.app; sourceTree = BUILT_PRODUCTS_DIR; };
		183F49CE2535C44800580B86 /* AppDelegate.swift */ = {isa = PBXFileReference; lastKnownFileType = sourcecode.swift; path = AppDelegate.swift; sourceTree = "<group>"; };
		183F49D02535C44800580B86 /* SceneDelegate.swift */ = {isa = PBXFileReference; lastKnownFileType = sourcecode.swift; path = SceneDelegate.swift; sourceTree = "<group>"; };
		183F49D22535C44800580B86 /* ViewController.swift */ = {isa = PBXFileReference; lastKnownFileType = sourcecode.swift; path = ViewController.swift; sourceTree = "<group>"; };
		183F49D52535C44800580B86 /* Base */ = {isa = PBXFileReference; lastKnownFileType = file.storyboard; name = Base; path = Base.lproj/Main.storyboard; sourceTree = "<group>"; };
		183F49D72535C44B00580B86 /* Assets.xcassets */ = {isa = PBXFileReference; lastKnownFileType = folder.assetcatalog; path = Assets.xcassets; sourceTree = "<group>"; };
		183F49DA2535C44B00580B86 /* Base */ = {isa = PBXFileReference; lastKnownFileType = file.storyboard; name = Base; path = Base.lproj/LaunchScreen.storyboard; sourceTree = "<group>"; };
		183F49DC2535C44B00580B86 /* Info.plist */ = {isa = PBXFileReference; lastKnownFileType = text.plist.xml; path = Info.plist; sourceTree = "<group>"; };
		183F49E22535C6AD00580B86 /* HomeViewController.swift */ = {isa = PBXFileReference; lastKnownFileType = sourcecode.swift; path = HomeViewController.swift; sourceTree = "<group>"; };
/* End PBXFileReference section */

/* Begin PBXFrameworksBuildPhase section */
		183F49C82535C44800580B86 /* Frameworks */ = {
			isa = PBXFrameworksBuildPhase;
			buildActionMask = 2147483647;
			files = (
			);
			runOnlyForDeploymentPostprocessing = 0;
		};
/* End PBXFrameworksBuildPhase section */

/* Begin PBXGroup section */
		183F49C22535C44800580B86 = {
			isa = PBXGroup;
			children = (
				183F49CD2535C44800580B86 /* DemoOne */,
				183F49CC2535C44800580B86 /* Products */,
			);
			sourceTree = "<group>";
		};
		183F49CC2535C44800580B86 /* Products */ = {
			isa = PBXGroup;
			children = (
				183F49CB2535C44800580B86 /* DemoOne.app */,
			);
			name = Products;
			sourceTree = "<group>";
		};
		183F49CD2535C44800580B86 /* DemoOne */ = {
			isa = PBXGroup;
			children = (
				183F49CE2535C44800580B86 /* AppDelegate.swift */,
				183F49D02535C44800580B86 /* SceneDelegate.swift */,
				183F49D22535C44800580B86 /* ViewController.swift */,
				183F49E22535C6AD00580B86 /* HomeViewController.swift */,
				183F49D42535C44800580B86 /* Main.storyboard */,
				183F49D72535C44B00580B86 /* Assets.xcassets */,
				183F49D92535C44B00580B86 /* LaunchScreen.storyboard */,
				183F49DC2535C44B00580B86 /* Info.plist */,
			);
			path = DemoOne;
			sourceTree = "<group>";
		};
/* End PBXGroup section */

/* Begin PBXNativeTarget section */
		183F49CA2535C44800580B86 /* DemoOne */ = {
			isa = PBXNativeTarget;
			buildConfigurationList = 183F49DF2535C44B00580B86 /* Build configuration list for PBXNativeTarget "DemoOne" */;
			buildPhases = (
				183F49C72535C44800580B86 /* Sources */,
				183F49C82535C44800580B86 /* Frameworks */,
				183F49C92535C44800580B86 /* Resources */,
			);
			buildRules = (
			);
			dependencies = (
			);
			name = DemoOne;
			productName = DemoOne;
			productReference = 183F49CB2535C44800580B86 /* DemoOne.app */;
			productType = "com.apple.product-type.application";
		};
/* End PBXNativeTarget section */

/* Begin PBXProject section */
		183F49C32535C44800580B86 /* Project object */ = {
			isa = PBXProject;
			attributes = {
				LastSwiftUpdateCheck = 1120;
				LastUpgradeCheck = 1120;
				ORGANIZATIONNAME = Neel;
				TargetAttributes = {
					183F49CA2535C44800580B86 = {
						CreatedOnToolsVersion = 11.2.1;
					};
				};
			};
			buildConfigurationList = 183F49C62535C44800580B86 /* Build configuration list for PBXProject "DemoOne" */;
			compatibilityVersion = "Xcode 9.3";
			developmentRegion = en;
			hasScannedForEncodings = 0;
			knownRegions = (
				en,
				Base,
			);
			mainGroup = 183F49C22535C44800580B86;
			productRefGroup = 183F49CC2535C44800580B86 /* Products */;
			projectDirPath = "";
			projectRoot = "";
			targets = (
				183F49CA2535C44800580B86 /* DemoOne */,
			);
		};
/* End PBXProject section */

/* Begin PBXResourcesBuildPhase section */
		183F49C92535C44800580B86 /* Resources */ = {
			isa = PBXResourcesBuildPhase;
			buildActionMask = 2147483647;
			files = (
				183F49DB2535C44B00580B86 /* LaunchScreen.storyboard in Resources */,
				183F49D82535C44B00580B86 /* Assets.xcassets in Resources */,
				183F49D62535C44800580B86 /* Main.storyboard in Resources */,
			);
			runOnlyForDeploymentPostprocessing = 0;
		};
/* End PBXResourcesBuildPhase section */

/* Begin PBXSourcesBuildPhase section */
		183F49C72535C44800580B86 /* Sources */ = {
			isa = PBXSourcesBuildPhase;
			buildActionMask = 2147483647;
			files = (
				183F49D32535C44800580B86 /* ViewController.swift in Sources */,
				183F49CF2535C44800580B86 /* AppDelegate.swift in Sources */,
				183F49D12535C44800580B86 /* SceneDelegate.swift in Sources */,
				183F49E32535C6AD00580B86 /* HomeViewController.swift in Sources */,
			);
			runOnlyForDeploymentPostprocessing = 0;
		};
/* End PBXSourcesBuildPhase section */

/* Begin PBXVariantGroup section */
		183F49D42535C44800580B86 /* Main.storyboard */ = {
			isa = PBXVariantGroup;
			children = (
				183F49D52535C44800580B86 /* Base */,
			);
			name = Main.storyboard;
			sourceTree = "<group>";
		};
		183F49D92535C44B00580B86 /* LaunchScreen.storyboard */ = {
			isa = PBXVariantGroup;
			children = (
				183F49DA2535C44B00580B86 /* Base */,
			);
			name = LaunchScreen.storyboard;
			sourceTree = "<group>";
		};
/* End PBXVariantGroup section */

/* Begin XCBuildConfiguration section */
		183F49DD2535C44B00580B86 /* Debug */ = {
			isa = XCBuildConfiguration;
			buildSettings = {
				ALWAYS_SEARCH_USER_PATHS = NO;
				CLANG_ANALYZER_NONNULL = YES;
				CLANG_ANALYZER_NUMBER_OBJECT_CONVERSION = YES_AGGRESSIVE;
				CLANG_CXX_LANGUAGE_STANDARD = "gnu++14";
				CLANG_CXX_LIBRARY = "libc++";
				CLANG_ENABLE_MODULES = YES;
				CLANG_ENABLE_OBJC_ARC = YES;
				CLANG_ENABLE_OBJC_WEAK = YES;
				CLANG_WARN_BLOCK_CAPTURE_AUTORELEASING = YES;
				CLANG_WARN_BOOL_CONVERSION = YES;
				CLANG_WARN_COMMA = YES;
				CLANG_WARN_CONSTANT_CONVERSION = YES;
				CLANG_WARN_DEPRECATED_OBJC_IMPLEMENTATIONS = YES;
				CLANG_WARN_DIRECT_OBJC_ISA_USAGE = YES_ERROR;
				CLANG_WARN_DOCUMENTATION_COMMENTS = YES;
				CLANG_WARN_EMPTY_BODY = YES;
				CLANG_WARN_ENUM_CONVERSION = YES;
				CLANG_WARN_INFINITE_RECURSION = YES;
				CLANG_WARN_INT_CONVERSION = YES;
				CLANG_WARN_NON_LITERAL_NULL_CONVERSION = YES;
				CLANG_WARN_OBJC_IMPLICIT_RETAIN_SELF = YES;
				CLANG_WARN_OBJC_LITERAL_CONVERSION = YES;
				CLANG_WARN_OBJC_ROOT_CLASS = YES_ERROR;
				CLANG_WARN_RANGE_LOOP_ANALYSIS = YES;
				CLANG_WARN_STRICT_PROTOTYPES = YES;
				CLANG_WARN_SUSPICIOUS_MOVE = YES;
				CLANG_WARN_UNGUARDED_AVAILABILITY = YES_AGGRESSIVE;
				CLANG_WARN_UNREACHABLE_CODE = YES;
				CLANG_WARN__DUPLICATE_METHOD_MATCH = YES;
				COPY_PHASE_STRIP = NO;
				DEBUG_INFORMATION_FORMAT = dwarf;
				ENABLE_STRICT_OBJC_MSGSEND = YES;
				ENABLE_TESTABILITY = YES;
				GCC_C_LANGUAGE_STANDARD = gnu11;
				GCC_DYNAMIC_NO_PIC = NO;
				GCC_NO_COMMON_BLOCKS = YES;
				GCC_OPTIMIZATION_LEVEL = 0;
				GCC_PREPROCESSOR_DEFINITIONS = (
					"DEBUG=1",
					"$(inherited)",
				);
				GCC_WARN_64_TO_32_BIT_CONVERSION = YES;
				GCC_WARN_ABOUT_RETURN_TYPE = YES_ERROR;
				GCC_WARN_UNDECLARED_SELECTOR = YES;
				GCC_WARN_UNINITIALIZED_AUTOS = YES_AGGRESSIVE;
				GCC_WARN_UNUSED_FUNCTION = YES;
				GCC_WARN_UNUSED_VARIABLE = YES;
				IPHONEOS_DEPLOYMENT_TARGET = 13.2;
				MTL_ENABLE_DEBUG_INFO = INCLUDE_SOURCE;
				MTL_FAST_MATH = YES;
				ONLY_ACTIVE_ARCH = YES;
				SDKROOT = iphoneos;
				SWIFT_ACTIVE_COMPILATION_CONDITIONS = DEBUG;
				SWIFT_OPTIMIZATION_LEVEL = "-Onone";
			};
			name = Debug;
		};
		183F49DE2535C44B00580B86 /* Release */ = {
			isa = XCBuildConfiguration;
			buildSettings = {
				ALWAYS_SEARCH_USER_PATHS = NO;
				CLANG_ANALYZER_NONNULL = YES;
				CLANG_ANALYZER_NUMBER_OBJECT_CONVERSION = YES_AGGRESSIVE;
				CLANG_CXX_LANGUAGE_STANDARD = "gnu++14";
				CLANG_CXX_LIBRARY = "libc++";
				CLANG_ENABLE_MODULES = YES;
				CLANG_ENABLE_OBJC_ARC = YES;
				CLANG_ENABLE_OBJC_WEAK = YES;
				CLANG_WARN_BLOCK_CAPTURE_AUTORELEASING = YES;
				CLANG_WARN_BOOL_CONVERSION = YES;
				CLANG_WARN_COMMA = YES;
				CLANG_WARN_CONSTANT_CONVERSION = YES;
				CLANG_WARN_DEPRECATED_OBJC_IMPLEMENTATIONS = YES;
				CLANG_WARN_DIRECT_OBJC_ISA_USAGE = YES_ERROR;
				CLANG_WARN_DOCUMENTATION_COMMENTS = YES;
				CLANG_WARN_EMPTY_BODY = YES;
				CLANG_WARN_ENUM_CONVERSION = YES;
				CLANG_WARN_INFINITE_RECURSION = YES;
				CLANG_WARN_INT_CONVERSION = YES;
				CLANG_WARN_NON_LITERAL_NULL_CONVERSION = YES;
				CLANG_WARN_OBJC_IMPLICIT_RETAIN_SELF = YES;
				CLANG_WARN_OBJC_LITERAL_CONVERSION = YES;
				CLANG_WARN_OBJC_ROOT_CLASS = YES_ERROR;
				CLANG_WARN_RANGE_LOOP_ANALYSIS = YES;
				CLANG_WARN_STRICT_PROTOTYPES = YES;
				CLANG_WARN_SUSPICIOUS_MOVE = YES;
				CLANG_WARN_UNGUARDED_AVAILABILITY = YES_AGGRESSIVE;
				CLANG_WARN_UNREACHABLE_CODE = YES;
				CLANG_WARN__DUPLICATE_METHOD_MATCH = YES;
				COPY_PHASE_STRIP = NO;
				DEBUG_INFORMATION_FORMAT = "dwarf-with-dsym";
				ENABLE_NS_ASSERTIONS = NO;
				ENABLE_STRICT_OBJC_MSGSEND = YES;
				GCC_C_LANGUAGE_STANDARD = gnu11;
				GCC_NO_COMMON_BLOCKS = YES;
				GCC_WARN_64_TO_32_BIT_CONVERSION = YES;
				GCC_WARN_ABOUT_RETURN_TYPE = YES_ERROR;
				GCC_WARN_UNDECLARED_SELECTOR = YES;
				GCC_WARN_UNINITIALIZED_AUTOS = YES_AGGRESSIVE;
				GCC_WARN_UNUSED_FUNCTION = YES;
				GCC_WARN_UNUSED_VARIABLE = YES;
				IPHONEOS_DEPLOYMENT_TARGET = 13.2;
				MTL_ENABLE_DEBUG_INFO = NO;
				MTL_FAST_MATH = YES;
				SDKROOT = iphoneos;
				SWIFT_COMPILATION_MODE = wholemodule;
				SWIFT_OPTIMIZATION_LEVEL = "-O";
				VALIDATE_PRODUCT = YES;
			};
			name = Release;
		};
		183F49E02535C44B00580B86 /* Debug */ = {
			isa = XCBuildConfiguration;
			buildSettings = {
				ASSETCATALOG_COMPILER_APPICON_NAME = AppIcon;
				CODE_SIGN_STYLE = Automatic;
				DEVELOPMENT_TEAM = HVBAS84WPA;
				INFOPLIST_FILE = DemoOne/Info.plist;
				LD_RUNPATH_SEARCH_PATHS = (
					"$(inherited)",
					"@executable_path/Frameworks",
				);
				PRODUCT_BUNDLE_IDENTIFIER = com.neelmakhecha.DemoOne;
				PRODUCT_NAME = "$(TARGET_NAME)";
				SWIFT_VERSION = 5.0;
				TARGETED_DEVICE_FAMILY = "1,2";
			};
			name = Debug;
		};
		183F49E12535C44B00580B86 /* Release */ = {
			isa = XCBuildConfiguration;
			buildSettings = {
				ASSETCATALOG_COMPILER_APPICON_NAME = AppIcon;
				CODE_SIGN_STYLE = Automatic;
				DEVELOPMENT_TEAM = HVBAS84WPA;
				INFOPLIST_FILE = DemoOne/Info.plist;
				LD_RUNPATH_SEARCH_PATHS = (
					"$(inherited)",
					"@executable_path/Frameworks",
				);
				PRODUCT_BUNDLE_IDENTIFIER = com.neelmakhecha.DemoOne;
				PRODUCT_NAME = "$(TARGET_NAME)";
				SWIFT_VERSION = 5.0;
				TARGETED_DEVICE_FAMILY = "1,2";
			};
			name = Release;
		};
/* End XCBuildConfiguration section */

/* Begin XCConfigurationList section */
		183F49C62535C44800580B86 /* Build configuration list for PBXProject "DemoOne" */ = {
			isa = XCConfigurationList;
			buildConfigurations = (
				183F49DD2535C44B00580B86 /* Debug */,
				183F49DE2535C44B00580B86 /* Release */,
			);
			defaultConfigurationIsVisible = 0;
			defaultConfigurationName = Release;
		};
		183F49DF2535C44B00580B86 /* Build configuration list for PBXNativeTarget "DemoOne" */ = {
			isa = XCConfigurationList;
			buildConfigurations = (
				183F49E02535C44B00580B86 /* Debug */,
				183F49E12535C44B00580B86 /* Release */,
			);
			defaultConfigurationIsVisible = 0;
			defaultConfigurationName = Release;
		};
/* End XCConfigurationList section */
	};
	rootObject = 183F49C32535C44800580B86 /* Project object */;
}
